// !$*UTF8*$!
{
	archiveVersion = 1;
	classes = {
	};
	objectVersion = 77;
	objects = {

/* Begin PBXContainerItemProxy section */
		1EFC50E62CC4EF6D00B45C32 /* PBXContainerItemProxy */ = {
			isa = PBXContainerItemProxy;
			containerPortal = 1EFC50CD2CC4EF6C00B45C32 /* Project object */;
			proxyType = 1;
			remoteGlobalIDString = 1EFC50D42CC4EF6C00B45C32;
			remoteInfo = "Recipes .";
		};
		1EFC50F02CC4EF6D00B45C32 /* PBXContainerItemProxy */ = {
			isa = PBXContainerItemProxy;
			containerPortal = 1EFC50CD2CC4EF6C00B45C32 /* Project object */;
			proxyType = 1;
			remoteGlobalIDString = 1EFC50D42CC4EF6C00B45C32;
			remoteInfo = "Recipes .";
		};
/* End PBXContainerItemProxy section */

/* Begin PBXFileReference section */
		1EFC50D52CC4EF6C00B45C32 /* Recipes ..app */ = {isa = PBXFileReference; explicitFileType = wrapper.application; includeInIndex = 0; path = "Recipes ..app"; sourceTree = BUILT_PRODUCTS_DIR; };
		1EFC50E52CC4EF6D00B45C32 /* Recipes .Tests.xctest */ = {isa = PBXFileReference; explicitFileType = wrapper.cfbundle; includeInIndex = 0; path = "Recipes .Tests.xctest"; sourceTree = BUILT_PRODUCTS_DIR; };
		1EFC50EF2CC4EF6D00B45C32 /* Recipes .UITests.xctest */ = {isa = PBXFileReference; explicitFileType = wrapper.cfbundle; includeInIndex = 0; path = "Recipes .UITests.xctest"; sourceTree = BUILT_PRODUCTS_DIR; };
/* End PBXFileReference section */

/* Begin PBXFileSystemSynchronizedRootGroup section */
		1EFC50D72CC4EF6C00B45C32 /* Recipes . */ = {
			isa = PBXFileSystemSynchronizedRootGroup;
			path = "Recipes .";
			sourceTree = "<group>";
		};
		1EFC50E82CC4EF6D00B45C32 /* Recipes .Tests */ = {
			isa = PBXFileSystemSynchronizedRootGroup;
			path = "Recipes .Tests";
			sourceTree = "<group>";
		};
		1EFC50F22CC4EF6D00B45C32 /* Recipes .UITests */ = {
			isa = PBXFileSystemSynchronizedRootGroup;
			path = "Recipes .UITests";
			sourceTree = "<group>";
		};
/* End PBXFileSystemSynchronizedRootGroup section */

/* Begin PBXFrameworksBuildPhase section */
		1EFC50D22CC4EF6C00B45C32 /* Frameworks */ = {
			isa = PBXFrameworksBuildPhase;
			buildActionMask = 2147483647;
			files = (
			);
			runOnlyForDeploymentPostprocessing = 0;
		};
		1EFC50E22CC4EF6D00B45C32 /* Frameworks */ = {
			isa = PBXFrameworksBuildPhase;
			buildActionMask = 2147483647;
			files = (
			);
			runOnlyForDeploymentPostprocessing = 0;
		};
		1EFC50EC2CC4EF6D00B45C32 /* Frameworks */ = {
			isa = PBXFrameworksBuildPhase;
			buildActionMask = 2147483647;
			files = (
			);
			runOnlyForDeploymentPostprocessing = 0;
		};
/* End PBXFrameworksBuildPhase section */

/* Begin PBXGroup section */
		1EFC50CC2CC4EF6C00B45C32 = {
			isa = PBXGroup;
			children = (
				1EFC50D72CC4EF6C00B45C32 /* Recipes . */,
				1EFC50E82CC4EF6D00B45C32 /* Recipes .Tests */,
				1EFC50F22CC4EF6D00B45C32 /* Recipes .UITests */,
				1EFC50D62CC4EF6C00B45C32 /* Products */,
			);
			sourceTree = "<group>";
		};
		1EFC50D62CC4EF6C00B45C32 /* Products */ = {
			isa = PBXGroup;
			children = (
				1EFC50D52CC4EF6C00B45C32 /* Recipes ..app */,
				1EFC50E52CC4EF6D00B45C32 /* Recipes .Tests.xctest */,
				1EFC50EF2CC4EF6D00B45C32 /* Recipes .UITests.xctest */,
			);
			name = Products;
			sourceTree = "<group>";
		};
/* End PBXGroup section */

/* Begin PBXNativeTarget section */
		1EFC50D42CC4EF6C00B45C32 /* Recipes . */ = {
			isa = PBXNativeTarget;
			buildConfigurationList = 1EFC50F92CC4EF6D00B45C32 /* Build configuration list for PBXNativeTarget "Recipes ." */;
			buildPhases = (
				1EFC50D12CC4EF6C00B45C32 /* Sources */,
				1EFC50D22CC4EF6C00B45C32 /* Frameworks */,
				1EFC50D32CC4EF6C00B45C32 /* Resources */,
			);
			buildRules = (
			);
			dependencies = (
			);
			fileSystemSynchronizedGroups = (
				1EFC50D72CC4EF6C00B45C32 /* Recipes . */,
			);
			name = "Recipes .";
			packageProductDependencies = (
			);
			productName = "Recipes .";
			productReference = 1EFC50D52CC4EF6C00B45C32 /* Recipes ..app */;
			productType = "com.apple.product-type.application";
		};
		1EFC50E42CC4EF6D00B45C32 /* Recipes .Tests */ = {
			isa = PBXNativeTarget;
			buildConfigurationList = 1EFC50FC2CC4EF6D00B45C32 /* Build configuration list for PBXNativeTarget "Recipes .Tests" */;
			buildPhases = (
				1EFC50E12CC4EF6D00B45C32 /* Sources */,
				1EFC50E22CC4EF6D00B45C32 /* Frameworks */,
				1EFC50E32CC4EF6D00B45C32 /* Resources */,
			);
			buildRules = (
			);
			dependencies = (
				1EFC50E72CC4EF6D00B45C32 /* PBXTargetDependency */,
			);
			fileSystemSynchronizedGroups = (
				1EFC50E82CC4EF6D00B45C32 /* Recipes .Tests */,
			);
			name = "Recipes .Tests";
			packageProductDependencies = (
			);
			productName = "Recipes .Tests";
			productReference = 1EFC50E52CC4EF6D00B45C32 /* Recipes .Tests.xctest */;
			productType = "com.apple.product-type.bundle.unit-test";
		};
		1EFC50EE2CC4EF6D00B45C32 /* Recipes .UITests */ = {
			isa = PBXNativeTarget;
			buildConfigurationList = 1EFC50FF2CC4EF6D00B45C32 /* Build configuration list for PBXNativeTarget "Recipes .UITests" */;
			buildPhases = (
				1EFC50EB2CC4EF6D00B45C32 /* Sources */,
				1EFC50EC2CC4EF6D00B45C32 /* Frameworks */,
				1EFC50ED2CC4EF6D00B45C32 /* Resources */,
			);
			buildRules = (
			);
			dependencies = (
				1EFC50F12CC4EF6D00B45C32 /* PBXTargetDependency */,
			);
			fileSystemSynchronizedGroups = (
				1EFC50F22CC4EF6D00B45C32 /* Recipes .UITests */,
			);
			name = "Recipes .UITests";
			packageProductDependencies = (
			);
			productName = "Recipes .UITests";
			productReference = 1EFC50EF2CC4EF6D00B45C32 /* Recipes .UITests.xctest */;
			productType = "com.apple.product-type.bundle.ui-testing";
		};
/* End PBXNativeTarget section */

/* Begin PBXProject section */
		1EFC50CD2CC4EF6C00B45C32 /* Project object */ = {
			isa = PBXProject;
			attributes = {
				BuildIndependentTargetsInParallel = 1;
				LastSwiftUpdateCheck = 1600;
				LastUpgradeCheck = 1600;
				TargetAttributes = {
					1EFC50D42CC4EF6C00B45C32 = {
						CreatedOnToolsVersion = 16.0;
					};
					1EFC50E42CC4EF6D00B45C32 = {
						CreatedOnToolsVersion = 16.0;
						TestTargetID = 1EFC50D42CC4EF6C00B45C32;
					};
					1EFC50EE2CC4EF6D00B45C32 = {
						CreatedOnToolsVersion = 16.0;
						TestTargetID = 1EFC50D42CC4EF6C00B45C32;
					};
				};
			};
			buildConfigurationList = 1EFC50D02CC4EF6C00B45C32 /* Build configuration list for PBXProject "Recipes ." */;
			developmentRegion = en;
			hasScannedForEncodings = 0;
			knownRegions = (
				en,
				Base,
			);
			mainGroup = 1EFC50CC2CC4EF6C00B45C32;
			minimizedProjectReferenceProxies = 1;
			preferredProjectObjectVersion = 77;
			productRefGroup = 1EFC50D62CC4EF6C00B45C32 /* Products */;
			projectDirPath = "";
			projectRoot = "";
			targets = (
				1EFC50D42CC4EF6C00B45C32 /* Recipes . */,
				1EFC50E42CC4EF6D00B45C32 /* Recipes .Tests */,
				1EFC50EE2CC4EF6D00B45C32 /* Recipes .UITests */,
			);
		};
/* End PBXProject section */

/* Begin PBXResourcesBuildPhase section */
		1EFC50D32CC4EF6C00B45C32 /* Resources */ = {
			isa = PBXResourcesBuildPhase;
			buildActionMask = 2147483647;
			files = (
			);
			runOnlyForDeploymentPostprocessing = 0;
		};
		1EFC50E32CC4EF6D00B45C32 /* Resources */ = {
			isa = PBXResourcesBuildPhase;
			buildActionMask = 2147483647;
			files = (
			);
			runOnlyForDeploymentPostprocessing = 0;
		};
		1EFC50ED2CC4EF6D00B45C32 /* Resources */ = {
			isa = PBXResourcesBuildPhase;
			buildActionMask = 2147483647;
			files = (
			);
			runOnlyForDeploymentPostprocessing = 0;
		};
/* End PBXResourcesBuildPhase section */

/* Begin PBXSourcesBuildPhase section */
		1EFC50D12CC4EF6C00B45C32 /* Sources */ = {
			isa = PBXSourcesBuildPhase;
			buildActionMask = 2147483647;
			files = (
			);
			runOnlyForDeploymentPostprocessing = 0;
		};
		1EFC50E12CC4EF6D00B45C32 /* Sources */ = {
			isa = PBXSourcesBuildPhase;
			buildActionMask = 2147483647;
			files = (
			);
			runOnlyForDeploymentPostprocessing = 0;
		};
		1EFC50EB2CC4EF6D00B45C32 /* Sources */ = {
			isa = PBXSourcesBuildPhase;
			buildActionMask = 2147483647;
			files = (
			);
			runOnlyForDeploymentPostprocessing = 0;
		};
/* End PBXSourcesBuildPhase section */

/* Begin PBXTargetDependency section */
		1EFC50E72CC4EF6D00B45C32 /* PBXTargetDependency */ = {
			isa = PBXTargetDependency;
			target = 1EFC50D42CC4EF6C00B45C32 /* Recipes . */;
			targetProxy = 1EFC50E62CC4EF6D00B45C32 /* PBXContainerItemProxy */;
		};
		1EFC50F12CC4EF6D00B45C32 /* PBXTargetDependency */ = {
			isa = PBXTargetDependency;
			target = 1EFC50D42CC4EF6C00B45C32 /* Recipes . */;
			targetProxy = 1EFC50F02CC4EF6D00B45C32 /* PBXContainerItemProxy */;
		};
/* End PBXTargetDependency section */

/* Begin XCBuildConfiguration section */
		1EFC50F72CC4EF6D00B45C32 /* Debug */ = {
			isa = XCBuildConfiguration;
			buildSettings = {
				ALWAYS_SEARCH_USER_PATHS = NO;
				ASSETCATALOG_COMPILER_GENERATE_SWIFT_ASSET_SYMBOL_EXTENSIONS = YES;
				CLANG_ANALYZER_NONNULL = YES;
				CLANG_ANALYZER_NUMBER_OBJECT_CONVERSION = YES_AGGRESSIVE;
				CLANG_CXX_LANGUAGE_STANDARD = "gnu++20";
				CLANG_ENABLE_MODULES = YES;
				CLANG_ENABLE_OBJC_ARC = YES;
				CLANG_ENABLE_OBJC_WEAK = YES;
				CLANG_WARN_BLOCK_CAPTURE_AUTORELEASING = YES;
				CLANG_WARN_BOOL_CONVERSION = YES;
				CLANG_WARN_COMMA = YES;
				CLANG_WARN_CONSTANT_CONVERSION = YES;
				CLANG_WARN_DEPRECATED_OBJC_IMPLEMENTATIONS = YES;
				CLANG_WARN_DIRECT_OBJC_ISA_USAGE = YES_ERROR;
				CLANG_WARN_DOCUMENTATION_COMMENTS = YES;
				CLANG_WARN_EMPTY_BODY = YES;
				CLANG_WARN_ENUM_CONVERSION = YES;
				CLANG_WARN_INFINITE_RECURSION = YES;
				CLANG_WARN_INT_CONVERSION = YES;
				CLANG_WARN_NON_LITERAL_NULL_CONVERSION = YES;
				CLANG_WARN_OBJC_IMPLICIT_RETAIN_SELF = YES;
				CLANG_WARN_OBJC_LITERAL_CONVERSION = YES;
				CLANG_WARN_OBJC_ROOT_CLASS = YES_ERROR;
				CLANG_WARN_QUOTED_INCLUDE_IN_FRAMEWORK_HEADER = YES;
				CLANG_WARN_RANGE_LOOP_ANALYSIS = YES;
				CLANG_WARN_STRICT_PROTOTYPES = YES;
				CLANG_WARN_SUSPICIOUS_MOVE = YES;
				CLANG_WARN_UNGUARDED_AVAILABILITY = YES_AGGRESSIVE;
				CLANG_WARN_UNREACHABLE_CODE = YES;
				CLANG_WARN__DUPLICATE_METHOD_MATCH = YES;
				COPY_PHASE_STRIP = NO;
				DEBUG_INFORMATION_FORMAT = dwarf;
				ENABLE_STRICT_OBJC_MSGSEND = YES;
				ENABLE_TESTABILITY = YES;
				ENABLE_USER_SCRIPT_SANDBOXING = YES;
				GCC_C_LANGUAGE_STANDARD = gnu17;
				GCC_DYNAMIC_NO_PIC = NO;
				GCC_NO_COMMON_BLOCKS = YES;
				GCC_OPTIMIZATION_LEVEL = 0;
				GCC_PREPROCESSOR_DEFINITIONS = (
					"DEBUG=1",
					"$(inherited)",
				);
				GCC_WARN_64_TO_32_BIT_CONVERSION = YES;
				GCC_WARN_ABOUT_RETURN_TYPE = YES_ERROR;
				GCC_WARN_UNDECLARED_SELECTOR = YES;
				GCC_WARN_UNINITIALIZED_AUTOS = YES_AGGRESSIVE;
				GCC_WARN_UNUSED_FUNCTION = YES;
				GCC_WARN_UNUSED_VARIABLE = YES;
				IPHONEOS_DEPLOYMENT_TARGET = 18.0;
				LOCALIZATION_PREFERS_STRING_CATALOGS = YES;
				MTL_ENABLE_DEBUG_INFO = INCLUDE_SOURCE;
				MTL_FAST_MATH = YES;
				ONLY_ACTIVE_ARCH = YES;
				SDKROOT = iphoneos;
				SWIFT_ACTIVE_COMPILATION_CONDITIONS = "DEBUG $(inherited)";
				SWIFT_OPTIMIZATION_LEVEL = "-Onone";
			};
			name = Debug;
		};
		1EFC50F82CC4EF6D00B45C32 /* Release */ = {
			isa = XCBuildConfiguration;
			buildSettings = {
				ALWAYS_SEARCH_USER_PATHS = NO;
				ASSETCATALOG_COMPILER_GENERATE_SWIFT_ASSET_SYMBOL_EXTENSIONS = YES;
				CLANG_ANALYZER_NONNULL = YES;
				CLANG_ANALYZER_NUMBER_OBJECT_CONVERSION = YES_AGGRESSIVE;
				CLANG_CXX_LANGUAGE_STANDARD = "gnu++20";
				CLANG_ENABLE_MODULES = YES;
				CLANG_ENABLE_OBJC_ARC = YES;
				CLANG_ENABLE_OBJC_WEAK = YES;
				CLANG_WARN_BLOCK_CAPTURE_AUTORELEASING = YES;
				CLANG_WARN_BOOL_CONVERSION = YES;
				CLANG_WARN_COMMA = YES;
				CLANG_WARN_CONSTANT_CONVERSION = YES;
				CLANG_WARN_DEPRECATED_OBJC_IMPLEMENTATIONS = YES;
				CLANG_WARN_DIRECT_OBJC_ISA_USAGE = YES_ERROR;
				CLANG_WARN_DOCUMENTATION_COMMENTS = YES;
				CLANG_WARN_EMPTY_BODY = YES;
				CLANG_WARN_ENUM_CONVERSION = YES;
				CLANG_WARN_INFINITE_RECURSION = YES;
				CLANG_WARN_INT_CONVERSION = YES;
				CLANG_WARN_NON_LITERAL_NULL_CONVERSION = YES;
				CLANG_WARN_OBJC_IMPLICIT_RETAIN_SELF = YES;
				CLANG_WARN_OBJC_LITERAL_CONVERSION = YES;
				CLANG_WARN_OBJC_ROOT_CLASS = YES_ERROR;
				CLANG_WARN_QUOTED_INCLUDE_IN_FRAMEWORK_HEADER = YES;
				CLANG_WARN_RANGE_LOOP_ANALYSIS = YES;
				CLANG_WARN_STRICT_PROTOTYPES = YES;
				CLANG_WARN_SUSPICIOUS_MOVE = YES;
				CLANG_WARN_UNGUARDED_AVAILABILITY = YES_AGGRESSIVE;
				CLANG_WARN_UNREACHABLE_CODE = YES;
				CLANG_WARN__DUPLICATE_METHOD_MATCH = YES;
				COPY_PHASE_STRIP = NO;
				DEBUG_INFORMATION_FORMAT = "dwarf-with-dsym";
				ENABLE_NS_ASSERTIONS = NO;
				ENABLE_STRICT_OBJC_MSGSEND = YES;
				ENABLE_USER_SCRIPT_SANDBOXING = YES;
				GCC_C_LANGUAGE_STANDARD = gnu17;
				GCC_NO_COMMON_BLOCKS = YES;
				GCC_WARN_64_TO_32_BIT_CONVERSION = YES;
				GCC_WARN_ABOUT_RETURN_TYPE = YES_ERROR;
				GCC_WARN_UNDECLARED_SELECTOR = YES;
				GCC_WARN_UNINITIALIZED_AUTOS = YES_AGGRESSIVE;
				GCC_WARN_UNUSED_FUNCTION = YES;
				GCC_WARN_UNUSED_VARIABLE = YES;
				IPHONEOS_DEPLOYMENT_TARGET = 18.0;
				LOCALIZATION_PREFERS_STRING_CATALOGS = YES;
				MTL_ENABLE_DEBUG_INFO = NO;
				MTL_FAST_MATH = YES;
				SDKROOT = iphoneos;
				SWIFT_COMPILATION_MODE = wholemodule;
				VALIDATE_PRODUCT = YES;
			};
			name = Release;
		};
		1EFC50FA2CC4EF6D00B45C32 /* Debug */ = {
			isa = XCBuildConfiguration;
			buildSettings = {
				ASSETCATALOG_COMPILER_APPICON_NAME = AppIcon;
				ASSETCATALOG_COMPILER_GLOBAL_ACCENT_COLOR_NAME = AccentColor;
				CODE_SIGN_STYLE = Automatic;
				CURRENT_PROJECT_VERSION = 1;
				DEVELOPMENT_ASSET_PATHS = "\"Recipes ./Preview Content\"";
				ENABLE_PREVIEWS = YES;
				GENERATE_INFOPLIST_FILE = YES;
				INFOPLIST_KEY_UIApplicationSceneManifest_Generation = YES;
				INFOPLIST_KEY_UIApplicationSupportsIndirectInputEvents = YES;
				INFOPLIST_KEY_UILaunchScreen_Generation = YES;
				INFOPLIST_KEY_UISupportedInterfaceOrientations_iPad = "UIInterfaceOrientationPortrait UIInterfaceOrientationPortraitUpsideDown UIInterfaceOrientationLandscapeLeft UIInterfaceOrientationLandscapeRight";
				INFOPLIST_KEY_UISupportedInterfaceOrientations_iPhone = "UIInterfaceOrientationPortrait UIInterfaceOrientationLandscapeLeft UIInterfaceOrientationLandscapeRight";
				LD_RUNPATH_SEARCH_PATHS = (
					"$(inherited)",
					"@executable_path/Frameworks",
				);
				MARKETING_VERSION = 1.0;
				PRODUCT_BUNDLE_IDENTIFIER = "com.atheer.Recipes--";
				PRODUCT_NAME = "$(TARGET_NAME)";
				SWIFT_EMIT_LOC_STRINGS = YES;
				SWIFT_VERSION = 5.0;
				TARGETED_DEVICE_FAMILY = "1,2";
			};
			name = Debug;
		};
		1EFC50FB2CC4EF6D00B45C32 /* Release */ = {
			isa = XCBuildConfiguration;
			buildSettings = {
				ASSETCATALOG_COMPILER_APPICON_NAME = AppIcon;
				ASSETCATALOG_COMPILER_GLOBAL_ACCENT_COLOR_NAME = AccentColor;
				CODE_SIGN_STYLE = Automatic;
				CURRENT_PROJECT_VERSION = 1;
				DEVELOPMENT_ASSET_PATHS = "\"Recipes ./Preview Content\"";
				ENABLE_PREVIEWS = YES;
				GENERATE_INFOPLIST_FILE = YES;
				INFOPLIST_KEY_UIApplicationSceneManifest_Generation = YES;
				INFOPLIST_KEY_UIApplicationSupportsIndirectInputEvents = YES;
				INFOPLIST_KEY_UILaunchScreen_Generation = YES;
				INFOPLIST_KEY_UISupportedInterfaceOrientations_iPad = "UIInterfaceOrientationPortrait UIInterfaceOrientationPortraitUpsideDown UIInterfaceOrientationLandscapeLeft UIInterfaceOrientationLandscapeRight";
				INFOPLIST_KEY_UISupportedInterfaceOrientations_iPhone = "UIInterfaceOrientationPortrait UIInterfaceOrientationLandscapeLeft UIInterfaceOrientationLandscapeRight";
				LD_RUNPATH_SEARCH_PATHS = (
					"$(inherited)",
					"@executable_path/Frameworks",
				);
				MARKETING_VERSION = 1.0;
				PRODUCT_BUNDLE_IDENTIFIER = "com.atheer.Recipes--";
				PRODUCT_NAME = "$(TARGET_NAME)";
				SWIFT_EMIT_LOC_STRINGS = YES;
				SWIFT_VERSION = 5.0;
				TARGETED_DEVICE_FAMILY = "1,2";
			};
			name = Release;
		};
		1EFC50FD2CC4EF6D00B45C32 /* Debug */ = {
			isa = XCBuildConfiguration;
			buildSettings = {
				BUNDLE_LOADER = "$(TEST_HOST)";
				CODE_SIGN_STYLE = Automatic;
				CURRENT_PROJECT_VERSION = 1;
				GENERATE_INFOPLIST_FILE = YES;
				IPHONEOS_DEPLOYMENT_TARGET = 18.0;
				MARKETING_VERSION = 1.0;
				PRODUCT_BUNDLE_IDENTIFIER = "com.atheer.Recipes--Tests";
				PRODUCT_NAME = "$(TARGET_NAME)";
				SWIFT_EMIT_LOC_STRINGS = NO;
				SWIFT_VERSION = 5.0;
				TARGETED_DEVICE_FAMILY = "1,2";
				TEST_HOST = "$(BUILT_PRODUCTS_DIR)/Recipes ..app/$(BUNDLE_EXECUTABLE_FOLDER_PATH)/Recipes .";
			};
			name = Debug;
		};
		1EFC50FE2CC4EF6D00B45C32 /* Release */ = {
			isa = XCBuildConfiguration;
			buildSettings = {
				BUNDLE_LOADER = "$(TEST_HOST)";
				CODE_SIGN_STYLE = Automatic;
				CURRENT_PROJECT_VERSION = 1;
				GENERATE_INFOPLIST_FILE = YES;
				IPHONEOS_DEPLOYMENT_TARGET = 18.0;
				MARKETING_VERSION = 1.0;
				PRODUCT_BUNDLE_IDENTIFIER = "com.atheer.Recipes--Tests";
				PRODUCT_NAME = "$(TARGET_NAME)";
				SWIFT_EMIT_LOC_STRINGS = NO;
				SWIFT_VERSION = 5.0;
				TARGETED_DEVICE_FAMILY = "1,2";
				TEST_HOST = "$(BUILT_PRODUCTS_DIR)/Recipes ..app/$(BUNDLE_EXECUTABLE_FOLDER_PATH)/Recipes .";
			};
			name = Release;
		};
		1EFC51002CC4EF6D00B45C32 /* Debug */ = {
			isa = XCBuildConfiguration;
			buildSettings = {
				CODE_SIGN_STYLE = Automatic;
				CURRENT_PROJECT_VERSION = 1;
				GENERATE_INFOPLIST_FILE = YES;
				MARKETING_VERSION = 1.0;
				PRODUCT_BUNDLE_IDENTIFIER = "com.atheer.Recipes--UITests";
				PRODUCT_NAME = "$(TARGET_NAME)";
				SWIFT_EMIT_LOC_STRINGS = NO;
				SWIFT_VERSION = 5.0;
				TARGETED_DEVICE_FAMILY = "1,2";
				TEST_TARGET_NAME = "Recipes .";
			};
			name = Debug;
		};
		1EFC51012CC4EF6D00B45C32 /* Release */ = {
			isa = XCBuildConfiguration;
			buildSettings = {
				CODE_SIGN_STYLE = Automatic;
				CURRENT_PROJECT_VERSION = 1;
				GENERATE_INFOPLIST_FILE = YES;
				MARKETING_VERSION = 1.0;
				PRODUCT_BUNDLE_IDENTIFIER = "com.atheer.Recipes--UITests";
				PRODUCT_NAME = "$(TARGET_NAME)";
				SWIFT_EMIT_LOC_STRINGS = NO;
				SWIFT_VERSION = 5.0;
				TARGETED_DEVICE_FAMILY = "1,2";
				TEST_TARGET_NAME = "Recipes .";
			};
			name = Release;
		};
/* End XCBuildConfiguration section */

/* Begin XCConfigurationList section */
		1EFC50D02CC4EF6C00B45C32 /* Build configuration list for PBXProject "Recipes ." */ = {
			isa = XCConfigurationList;
			buildConfigurations = (
				1EFC50F72CC4EF6D00B45C32 /* Debug */,
				1EFC50F82CC4EF6D00B45C32 /* Release */,
			);
			defaultConfigurationIsVisible = 0;
			defaultConfigurationName = Release;
		};
		1EFC50F92CC4EF6D00B45C32 /* Build configuration list for PBXNativeTarget "Recipes ." */ = {
			isa = XCConfigurationList;
			buildConfigurations = (
				1EFC50FA2CC4EF6D00B45C32 /* Debug */,
				1EFC50FB2CC4EF6D00B45C32 /* Release */,
			);
			defaultConfigurationIsVisible = 0;
			defaultConfigurationName = Release;
		};
		1EFC50FC2CC4EF6D00B45C32 /* Build configuration list for PBXNativeTarget "Recipes .Tests" */ = {
			isa = XCConfigurationList;
			buildConfigurations = (
				1EFC50FD2CC4EF6D00B45C32 /* Debug */,
				1EFC50FE2CC4EF6D00B45C32 /* Release */,
			);
			defaultConfigurationIsVisible = 0;
			defaultConfigurationName = Release;
		};
		1EFC50FF2CC4EF6D00B45C32 /* Build configuration list for PBXNativeTarget "Recipes .UITests" */ = {
			isa = XCConfigurationList;
			buildConfigurations = (
				1EFC51002CC4EF6D00B45C32 /* Debug */,
				1EFC51012CC4EF6D00B45C32 /* Release */,
			);
			defaultConfigurationIsVisible = 0;
			defaultConfigurationName = Release;
		};
/* End XCConfigurationList section */
	};
	rootObject = 1EFC50CD2CC4EF6C00B45C32 /* Project object */;
}
